// !$*UTF8*$!
{
	archiveVersion = 1;
	classes = {
	};
	objectVersion = 51;
	objects = {

/* Begin PBXBuildFile section */
		28F131BC262F37280034CE83 /* AppDelegate.swift in Sources */ = {isa = PBXBuildFile; fileRef = 28F131BB262F37280034CE83 /* AppDelegate.swift */; };
		28F131C0262F37280034CE83 /* ViewController.swift in Sources */ = {isa = PBXBuildFile; fileRef = 28F131BF262F37280034CE83 /* ViewController.swift */; };
		28F131C5262F372A0034CE83 /* Assets.xcassets in Resources */ = {isa = PBXBuildFile; fileRef = 28F131C4262F372A0034CE83 /* Assets.xcassets */; };
		28F131C8262F372A0034CE83 /* LaunchScreen.storyboard in Resources */ = {isa = PBXBuildFile; fileRef = 28F131C6262F372A0034CE83 /* LaunchScreen.storyboard */; };
		28F4E35926430B4200C59045 /* LogInViewController.swift in Sources */ = {isa = PBXBuildFile; fileRef = 28F4E35826430B4200C59045 /* LogInViewController.swift */; };
		28F4E35C26430F7F00C59045 /* KeychainService.swift in Sources */ = {isa = PBXBuildFile; fileRef = 28F4E35B26430F7F00C59045 /* KeychainService.swift */; };
		28F4E35F2646750900C59045 /* Tabbar.swift in Sources */ = {isa = PBXBuildFile; fileRef = 28F4E35E2646750900C59045 /* Tabbar.swift */; };
		28F4E3622646755000C59045 /* Settings.swift in Sources */ = {isa = PBXBuildFile; fileRef = 28F4E3612646755000C59045 /* Settings.swift */; };
		28FFD5882651645B0089FD7D /* User.swift in Sources */ = {isa = PBXBuildFile; fileRef = 28FFD5872651645B0089FD7D /* User.swift */; };
		C7FB0186D7C44C50C20274D0 /* Pods_com_work_with_filemanager.framework in Frameworks */ = {isa = PBXBuildFile; fileRef = A053C164D20556C8E09A74EC /* Pods_com_work_with_filemanager.framework */; };
/* End PBXBuildFile section */

/* Begin PBXFileReference section */
		28F131B8262F37280034CE83 /* com.work.with.filemanager.app */ = {isa = PBXFileReference; explicitFileType = wrapper.application; includeInIndex = 0; path = com.work.with.filemanager.app; sourceTree = BUILT_PRODUCTS_DIR; };
		28F131BB262F37280034CE83 /* AppDelegate.swift */ = {isa = PBXFileReference; lastKnownFileType = sourcecode.swift; path = AppDelegate.swift; sourceTree = "<group>"; };
		28F131BF262F37280034CE83 /* ViewController.swift */ = {isa = PBXFileReference; lastKnownFileType = sourcecode.swift; path = ViewController.swift; sourceTree = "<group>"; };
		28F131C4262F372A0034CE83 /* Assets.xcassets */ = {isa = PBXFileReference; lastKnownFileType = folder.assetcatalog; path = Assets.xcassets; sourceTree = "<group>"; };
		28F131C7262F372A0034CE83 /* Base */ = {isa = PBXFileReference; lastKnownFileType = file.storyboard; name = Base; path = Base.lproj/LaunchScreen.storyboard; sourceTree = "<group>"; };
		28F131C9262F372A0034CE83 /* Info.plist */ = {isa = PBXFileReference; lastKnownFileType = text.plist.xml; path = Info.plist; sourceTree = "<group>"; };
		28F4E35826430B4200C59045 /* LogInViewController.swift */ = {isa = PBXFileReference; lastKnownFileType = sourcecode.swift; path = LogInViewController.swift; sourceTree = "<group>"; };
		28F4E35B26430F7F00C59045 /* KeychainService.swift */ = {isa = PBXFileReference; lastKnownFileType = sourcecode.swift; path = KeychainService.swift; sourceTree = "<group>"; };
		28F4E35E2646750900C59045 /* Tabbar.swift */ = {isa = PBXFileReference; lastKnownFileType = sourcecode.swift; path = Tabbar.swift; sourceTree = "<group>"; };
		28F4E3612646755000C59045 /* Settings.swift */ = {isa = PBXFileReference; lastKnownFileType = sourcecode.swift; path = Settings.swift; sourceTree = "<group>"; };
		28FFD5872651645B0089FD7D /* User.swift */ = {isa = PBXFileReference; lastKnownFileType = sourcecode.swift; path = User.swift; sourceTree = "<group>"; };
		909EAB18ED1B2A413AA9F87C /* Pods-com.work.with.filemanager.debug.xcconfig */ = {isa = PBXFileReference; includeInIndex = 1; lastKnownFileType = text.xcconfig; name = "Pods-com.work.with.filemanager.debug.xcconfig"; path = "Target Support Files/Pods-com.work.with.filemanager/Pods-com.work.with.filemanager.debug.xcconfig"; sourceTree = "<group>"; };
		98AC05DD1A6CC12609C611E6 /* Pods-com.work.with.filemanager.release.xcconfig */ = {isa = PBXFileReference; includeInIndex = 1; lastKnownFileType = text.xcconfig; name = "Pods-com.work.with.filemanager.release.xcconfig"; path = "Target Support Files/Pods-com.work.with.filemanager/Pods-com.work.with.filemanager.release.xcconfig"; sourceTree = "<group>"; };
		A053C164D20556C8E09A74EC /* Pods_com_work_with_filemanager.framework */ = {isa = PBXFileReference; explicitFileType = wrapper.framework; includeInIndex = 0; path = Pods_com_work_with_filemanager.framework; sourceTree = BUILT_PRODUCTS_DIR; };
/* End PBXFileReference section */

/* Begin PBXFrameworksBuildPhase section */
		28F131B5262F37280034CE83 /* Frameworks */ = {
			isa = PBXFrameworksBuildPhase;
			buildActionMask = 2147483647;
			files = (
				C7FB0186D7C44C50C20274D0 /* Pods_com_work_with_filemanager.framework in Frameworks */,
			);
			runOnlyForDeploymentPostprocessing = 0;
		};
/* End PBXFrameworksBuildPhase section */

/* Begin PBXGroup section */
		0D63945F7D19E5519050C4F4 /* Pods */ = {
			isa = PBXGroup;
			children = (
				909EAB18ED1B2A413AA9F87C /* Pods-com.work.with.filemanager.debug.xcconfig */,
				98AC05DD1A6CC12609C611E6 /* Pods-com.work.with.filemanager.release.xcconfig */,
			);
			path = Pods;
			sourceTree = "<group>";
		};
		28F131AF262F37280034CE83 = {
			isa = PBXGroup;
			children = (
				28F131BA262F37280034CE83 /* com.work.with.filemanager */,
				28F131B9262F37280034CE83 /* Products */,
				0D63945F7D19E5519050C4F4 /* Pods */,
				3A79AA7501B43767B20CC433 /* Frameworks */,
			);
			sourceTree = "<group>";
		};
		28F131B9262F37280034CE83 /* Products */ = {
			isa = PBXGroup;
			children = (
				28F131B8262F37280034CE83 /* com.work.with.filemanager.app */,
			);
			name = Products;
			sourceTree = "<group>";
		};
		28F131BA262F37280034CE83 /* com.work.with.filemanager */ = {
			isa = PBXGroup;
			children = (
				28F131BB262F37280034CE83 /* AppDelegate.swift */,
				28F4E35826430B4200C59045 /* LogInViewController.swift */,
				28F131BF262F37280034CE83 /* ViewController.swift */,
				28F4E3612646755000C59045 /* Settings.swift */,
				28F4E35B26430F7F00C59045 /* KeychainService.swift */,
				28FFD5872651645B0089FD7D /* User.swift */,
				28F4E35E2646750900C59045 /* Tabbar.swift */,
				28F131C4262F372A0034CE83 /* Assets.xcassets */,
				28F131C6262F372A0034CE83 /* LaunchScreen.storyboard */,
				28F131C9262F372A0034CE83 /* Info.plist */,
			);
			path = com.work.with.filemanager;
			sourceTree = "<group>";
		};
		3A79AA7501B43767B20CC433 /* Frameworks */ = {
			isa = PBXGroup;
			children = (
				A053C164D20556C8E09A74EC /* Pods_com_work_with_filemanager.framework */,
			);
			name = Frameworks;
			sourceTree = "<group>";
		};
/* End PBXGroup section */

/* Begin PBXNativeTarget section */
		28F131B7262F37280034CE83 /* com.work.with.filemanager */ = {
			isa = PBXNativeTarget;
			buildConfigurationList = 28F131CC262F372A0034CE83 /* Build configuration list for PBXNativeTarget "com.work.with.filemanager" */;
			buildPhases = (
				7C9B3AEB082955488BCF5CAB /* [CP] Check Pods Manifest.lock */,
				28F131B4262F37280034CE83 /* Sources */,
				28F131B5262F37280034CE83 /* Frameworks */,
				28F131B6262F37280034CE83 /* Resources */,
				A51E2A91FF0FB7806C316F6C /* [CP] Embed Pods Frameworks */,
			);
			buildRules = (
			);
			dependencies = (
			);
			name = com.work.with.filemanager;
			productName = com.work.with.filemanager;
			productReference = 28F131B8262F37280034CE83 /* com.work.with.filemanager.app */;
			productType = "com.apple.product-type.application";
		};
/* End PBXNativeTarget section */

/* Begin PBXProject section */
		28F131B0262F37280034CE83 /* Project object */ = {
			isa = PBXProject;
			attributes = {
				LastSwiftUpdateCheck = 1240;
				LastUpgradeCheck = 1240;
				TargetAttributes = {
					28F131B7262F37280034CE83 = {
						CreatedOnToolsVersion = 12.4;
					};
				};
			};
			buildConfigurationList = 28F131B3262F37280034CE83 /* Build configuration list for PBXProject "com.work.with.filemanager" */;
			compatibilityVersion = "Xcode 9.3";
			developmentRegion = en;
			hasScannedForEncodings = 0;
			knownRegions = (
				en,
				Base,
			);
			mainGroup = 28F131AF262F37280034CE83;
			productRefGroup = 28F131B9262F37280034CE83 /* Products */;
			projectDirPath = "";
			projectRoot = "";
			targets = (
				28F131B7262F37280034CE83 /* com.work.with.filemanager */,
			);
		};
/* End PBXProject section */

/* Begin PBXResourcesBuildPhase section */
		28F131B6262F37280034CE83 /* Resources */ = {
			isa = PBXResourcesBuildPhase;
			buildActionMask = 2147483647;
			files = (
				28F131C8262F372A0034CE83 /* LaunchScreen.storyboard in Resources */,
				28F131C5262F372A0034CE83 /* Assets.xcassets in Resources */,
			);
			runOnlyForDeploymentPostprocessing = 0;
		};
/* End PBXResourcesBuildPhase section */

/* Begin PBXShellScriptBuildPhase section */
		7C9B3AEB082955488BCF5CAB /* [CP] Check Pods Manifest.lock */ = {
			isa = PBXShellScriptBuildPhase;
			buildActionMask = 2147483647;
			files = (
			);
			inputFileListPaths = (
			);
			inputPaths = (
				"${PODS_PODFILE_DIR_PATH}/Podfile.lock",
				"${PODS_ROOT}/Manifest.lock",
			);
			name = "[CP] Check Pods Manifest.lock";
			outputFileListPaths = (
			);
			outputPaths = (
				"$(DERIVED_FILE_DIR)/Pods-com.work.with.filemanager-checkManifestLockResult.txt",
			);
			runOnlyForDeploymentPostprocessing = 0;
			shellPath = /bin/sh;
			shellScript = "diff \"${PODS_PODFILE_DIR_PATH}/Podfile.lock\" \"${PODS_ROOT}/Manifest.lock\" > /dev/null\nif [ $? != 0 ] ; then\n    # print error to STDERR\n    echo \"error: The sandbox is not in sync with the Podfile.lock. Run 'pod install' or update your CocoaPods installation.\" >&2\n    exit 1\nfi\n# This output is used by Xcode 'outputs' to avoid re-running this script phase.\necho \"SUCCESS\" > \"${SCRIPT_OUTPUT_FILE_0}\"\n";
			showEnvVarsInLog = 0;
		};
		A51E2A91FF0FB7806C316F6C /* [CP] Embed Pods Frameworks */ = {
			isa = PBXShellScriptBuildPhase;
			buildActionMask = 2147483647;
			files = (
			);
			inputFileListPaths = (
				"${PODS_ROOT}/Target Support Files/Pods-com.work.with.filemanager/Pods-com.work.with.filemanager-frameworks-${CONFIGURATION}-input-files.xcfilelist",
			);
			name = "[CP] Embed Pods Frameworks";
			outputFileListPaths = (
				"${PODS_ROOT}/Target Support Files/Pods-com.work.with.filemanager/Pods-com.work.with.filemanager-frameworks-${CONFIGURATION}-output-files.xcfilelist",
			);
			runOnlyForDeploymentPostprocessing = 0;
			shellPath = /bin/sh;
			shellScript = "\"${PODS_ROOT}/Target Support Files/Pods-com.work.with.filemanager/Pods-com.work.with.filemanager-frameworks.sh\"\n";
			showEnvVarsInLog = 0;
		};
/* End PBXShellScriptBuildPhase section */

/* Begin PBXSourcesBuildPhase section */
		28F131B4262F37280034CE83 /* Sources */ = {
			isa = PBXSourcesBuildPhase;
			buildActionMask = 2147483647;
			files = (
				28F4E35926430B4200C59045 /* LogInViewController.swift in Sources */,
				28F131C0262F37280034CE83 /* ViewController.swift in Sources */,
				28F131BC262F37280034CE83 /* AppDelegate.swift in Sources */,
				28FFD5882651645B0089FD7D /* User.swift in Sources */,
				28F4E35F2646750900C59045 /* Tabbar.swift in Sources */,
				28F4E3622646755000C59045 /* Settings.swift in Sources */,
				28F4E35C26430F7F00C59045 /* KeychainService.swift in Sources */,
			);
			runOnlyForDeploymentPostprocessing = 0;
		};
/* End PBXSourcesBuildPhase section */

/* Begin PBXVariantGroup section */
		28F131C6262F372A0034CE83 /* LaunchScreen.storyboard */ = {
			isa = PBXVariantGroup;
			children = (
				28F131C7262F372A0034CE83 /* Base */,
			);
			name = LaunchScreen.storyboard;
			sourceTree = "<group>";
		};
/* End PBXVariantGroup section */

/* Begin XCBuildConfiguration section */
		28F131CA262F372A0034CE83 /* Debug */ = {
			isa = XCBuildConfiguration;
			buildSettings = {
				ALWAYS_SEARCH_USER_PATHS = NO;
				CLANG_ANALYZER_NONNULL = YES;
				CLANG_ANALYZER_NUMBER_OBJECT_CONVERSION = YES_AGGRESSIVE;
				CLANG_CXX_LANGUAGE_STANDARD = "gnu++14";
				CLANG_CXX_LIBRARY = "libc++";
				CLANG_ENABLE_MODULES = YES;
				CLANG_ENABLE_OBJC_ARC = YES;
				CLANG_ENABLE_OBJC_WEAK = YES;
				CLANG_WARN_BLOCK_CAPTURE_AUTORELEASING = YES;
				CLANG_WARN_BOOL_CONVERSION = YES;
				CLANG_WARN_COMMA = YES;
				CLANG_WARN_CONSTANT_CONVERSION = YES;
				CLANG_WARN_DEPRECATED_OBJC_IMPLEMENTATIONS = YES;
				CLANG_WARN_DIRECT_OBJC_ISA_USAGE = YES_ERROR;
				CLANG_WARN_DOCUMENTATION_COMMENTS = YES;
				CLANG_WARN_EMPTY_BODY = YES;
				CLANG_WARN_ENUM_CONVERSION = YES;
				CLANG_WARN_INFINITE_RECURSION = YES;
				CLANG_WARN_INT_CONVERSION = YES;
				CLANG_WARN_NON_LITERAL_NULL_CONVERSION = YES;
				CLANG_WARN_OBJC_IMPLICIT_RETAIN_SELF = YES;
				CLANG_WARN_OBJC_LITERAL_CONVERSION = YES;
				CLANG_WARN_OBJC_ROOT_CLASS = YES_ERROR;
				CLANG_WARN_QUOTED_INCLUDE_IN_FRAMEWORK_HEADER = YES;
				CLANG_WARN_RANGE_LOOP_ANALYSIS = YES;
				CLANG_WARN_STRICT_PROTOTYPES = YES;
				CLANG_WARN_SUSPICIOUS_MOVE = YES;
				CLANG_WARN_UNGUARDED_AVAILABILITY = YES_AGGRESSIVE;
				CLANG_WARN_UNREACHABLE_CODE = YES;
				CLANG_WARN__DUPLICATE_METHOD_MATCH = YES;
				COPY_PHASE_STRIP = NO;
				DEBUG_INFORMATION_FORMAT = dwarf;
				ENABLE_STRICT_OBJC_MSGSEND = YES;
				ENABLE_TESTABILITY = YES;
				GCC_C_LANGUAGE_STANDARD = gnu11;
				GCC_DYNAMIC_NO_PIC = NO;
				GCC_NO_COMMON_BLOCKS = YES;
				GCC_OPTIMIZATION_LEVEL = 0;
				GCC_PREPROCESSOR_DEFINITIONS = (
					"DEBUG=1",
					"$(inherited)",
				);
				GCC_WARN_64_TO_32_BIT_CONVERSION = YES;
				GCC_WARN_ABOUT_RETURN_TYPE = YES_ERROR;
				GCC_WARN_UNDECLARED_SELECTOR = YES;
				GCC_WARN_UNINITIALIZED_AUTOS = YES_AGGRESSIVE;
				GCC_WARN_UNUSED_FUNCTION = YES;
				GCC_WARN_UNUSED_VARIABLE = YES;
				IPHONEOS_DEPLOYMENT_TARGET = 14.4;
				MTL_ENABLE_DEBUG_INFO = INCLUDE_SOURCE;
				MTL_FAST_MATH = YES;
				ONLY_ACTIVE_ARCH = YES;
				SDKROOT = iphoneos;
				SWIFT_ACTIVE_COMPILATION_CONDITIONS = DEBUG;
				SWIFT_OPTIMIZATION_LEVEL = "-Onone";
			};
			name = Debug;
		};
		28F131CB262F372A0034CE83 /* Release */ = {
			isa = XCBuildConfiguration;
			buildSettings = {
				ALWAYS_SEARCH_USER_PATHS = NO;
				CLANG_ANALYZER_NONNULL = YES;
				CLANG_ANALYZER_NUMBER_OBJECT_CONVERSION = YES_AGGRESSIVE;
				CLANG_CXX_LANGUAGE_STANDARD = "gnu++14";
				CLANG_CXX_LIBRARY = "libc++";
				CLANG_ENABLE_MODULES = YES;
				CLANG_ENABLE_OBJC_ARC = YES;
				CLANG_ENABLE_OBJC_WEAK = YES;
				CLANG_WARN_BLOCK_CAPTURE_AUTORELEASING = YES;
				CLANG_WARN_BOOL_CONVERSION = YES;
				CLANG_WARN_COMMA = YES;
				CLANG_WARN_CONSTANT_CONVERSION = YES;
				CLANG_WARN_DEPRECATED_OBJC_IMPLEMENTATIONS = YES;
				CLANG_WARN_DIRECT_OBJC_ISA_USAGE = YES_ERROR;
				CLANG_WARN_DOCUMENTATION_COMMENTS = YES;
				CLANG_WARN_EMPTY_BODY = YES;
				CLANG_WARN_ENUM_CONVERSION = YES;
				CLANG_WARN_INFINITE_RECURSION = YES;
				CLANG_WARN_INT_CONVERSION = YES;
				CLANG_WARN_NON_LITERAL_NULL_CONVERSION = YES;
				CLANG_WARN_OBJC_IMPLICIT_RETAIN_SELF = YES;
				CLANG_WARN_OBJC_LITERAL_CONVERSION = YES;
				CLANG_WARN_OBJC_ROOT_CLASS = YES_ERROR;
				CLANG_WARN_QUOTED_INCLUDE_IN_FRAMEWORK_HEADER = YES;
				CLANG_WARN_RANGE_LOOP_ANALYSIS = YES;
				CLANG_WARN_STRICT_PROTOTYPES = YES;
				CLANG_WARN_SUSPICIOUS_MOVE = YES;
				CLANG_WARN_UNGUARDED_AVAILABILITY = YES_AGGRESSIVE;
				CLANG_WARN_UNREACHABLE_CODE = YES;
				CLANG_WARN__DUPLICATE_METHOD_MATCH = YES;
				COPY_PHASE_STRIP = NO;
				DEBUG_INFORMATION_FORMAT = "dwarf-with-dsym";
				ENABLE_NS_ASSERTIONS = NO;
				ENABLE_STRICT_OBJC_MSGSEND = YES;
				GCC_C_LANGUAGE_STANDARD = gnu11;
				GCC_NO_COMMON_BLOCKS = YES;
				GCC_WARN_64_TO_32_BIT_CONVERSION = YES;
				GCC_WARN_ABOUT_RETURN_TYPE = YES_ERROR;
				GCC_WARN_UNDECLARED_SELECTOR = YES;
				GCC_WARN_UNINITIALIZED_AUTOS = YES_AGGRESSIVE;
				GCC_WARN_UNUSED_FUNCTION = YES;
				GCC_WARN_UNUSED_VARIABLE = YES;
				IPHONEOS_DEPLOYMENT_TARGET = 14.4;
				MTL_ENABLE_DEBUG_INFO = NO;
				MTL_FAST_MATH = YES;
				SDKROOT = iphoneos;
				SWIFT_COMPILATION_MODE = wholemodule;
				SWIFT_OPTIMIZATION_LEVEL = "-O";
				VALIDATE_PRODUCT = YES;
			};
			name = Release;
		};
		28F131CD262F372A0034CE83 /* Debug */ = {
			isa = XCBuildConfiguration;
			baseConfigurationReference = 909EAB18ED1B2A413AA9F87C /* Pods-com.work.with.filemanager.debug.xcconfig */;
			buildSettings = {
				ASSETCATALOG_COMPILER_APPICON_NAME = AppIcon;
				ASSETCATALOG_COMPILER_GLOBAL_ACCENT_COLOR_NAME = AccentColor;
				CODE_SIGN_STYLE = Automatic;
				INFOPLIST_FILE = com.work.with.filemanager/Info.plist;
				LD_RUNPATH_SEARCH_PATHS = (
					"$(inherited)",
					"@executable_path/Frameworks",
				);
				PRODUCT_BUNDLE_IDENTIFIER = "ios7.cherepova.com-work-with-filemanager";
				PRODUCT_NAME = "$(TARGET_NAME)";
				SWIFT_VERSION = 5.0;
				TARGETED_DEVICE_FAMILY = "1,2";
			};
			name = Debug;
		};
		28F131CE262F372A0034CE83 /* Release */ = {
			isa = XCBuildConfiguration;
			baseConfigurationReference = 98AC05DD1A6CC12609C611E6 /* Pods-com.work.with.filemanager.release.xcconfig */;
			buildSettings = {
				ASSETCATALOG_COMPILER_APPICON_NAME = AppIcon;
				ASSETCATALOG_COMPILER_GLOBAL_ACCENT_COLOR_NAME = AccentColor;
				CODE_SIGN_STYLE = Automatic;
				INFOPLIST_FILE = com.work.with.filemanager/Info.plist;
				LD_RUNPATH_SEARCH_PATHS = (
					"$(inherited)",
					"@executable_path/Frameworks",
				);
				PRODUCT_BUNDLE_IDENTIFIER = "ios7.cherepova.com-work-with-filemanager";
				PRODUCT_NAME = "$(TARGET_NAME)";
				SWIFT_VERSION = 5.0;
				TARGETED_DEVICE_FAMILY = "1,2";
			};
			name = Release;
		};
/* End XCBuildConfiguration section */

/* Begin XCConfigurationList section */
		28F131B3262F37280034CE83 /* Build configuration list for PBXProject "com.work.with.filemanager" */ = {
			isa = XCConfigurationList;
			buildConfigurations = (
				28F131CA262F372A0034CE83 /* Debug */,
				28F131CB262F372A0034CE83 /* Release */,
			);
			defaultConfigurationIsVisible = 0;
			defaultConfigurationName = Release;
		};
		28F131CC262F372A0034CE83 /* Build configuration list for PBXNativeTarget "com.work.with.filemanager" */ = {
			isa = XCConfigurationList;
			buildConfigurations = (
				28F131CD262F372A0034CE83 /* Debug */,
				28F131CE262F372A0034CE83 /* Release */,
			);
			defaultConfigurationIsVisible = 0;
			defaultConfigurationName = Release;
		};
/* End XCConfigurationList section */
	};
	rootObject = 28F131B0262F37280034CE83 /* Project object */;
}
